
Microsoft Visual Studio Solution File, Format Version 12.00
# Visual Studio Version 18
VisualStudioVersion = 18.5.11612.153 insiders
MinimumVisualStudioVersion = 10.0.40219.1
Project("{888888A0-9F3D-457C-B088-3A5042F75D52}") = "Intricate", "Intricate.pyproj", "{B9717FEC-C418-409C-9A70-7E402F1F8E3A}"
EndProject
Global
	GlobalSection(SolutionConfigurationPlatforms) = preSolution
		Debug|Any CPU = Debug|Any CPU
		Release|Any CPU = Release|Any CPU
	EndGlobalSection
	GlobalSection(ProjectConfigurationPlatforms) = postSolution
		{B9717FEC-C418-409C-9A70-7E402F1F8E3A}.Debug|Any CPU.ActiveCfg = Debug|Any CPU
		{B9717FEC-C418-409C-9A70-7E402F1F8E3A}.Release|Any CPU.ActiveCfg = Release|Any CPU
	EndGlobalSection
	GlobalSection(SolutionProperties) = preSolution
		HideSolutionNode = FALSE
	EndGlobalSection
	GlobalSection(ExtensibilityGlobals) = postSolution
		SolutionGuid = {2CB0785D-7352-405C-A80D-65D54CF32C87}
	EndGlobalSection
EndGlobal
